
Microsoft Visual Studio Solution File, Format Version 12.00
# Visual Studio Version 16
VisualStudioVersion = 16.0.29503.13
MinimumVisualStudioVersion = 10.0.40219.1
Project("{8BC9CEB8-8B4A-11D0-8D11-00A0C91BC942}") = "algorithm_comparison", "algorithm_comparison.vcxproj", "{215DA592-EFD1-489B-AD97-BFB784FD66AD}"
EndProject
Global
	GlobalSection(SolutionConfigurationPlatforms) = preSolution
		Debug|x64 = Debug|x64
		Debug|x86 = Debug|x86
		Release|x64 = Release|x64
		Release|x86 = Release|x86
	EndGlobalSection
	GlobalSection(ProjectConfigurationPlatforms) = postSolution
		{215DA592-EFD1-489B-AD97-BFB784FD66AD}.Debug|x64.ActiveCfg = Debug|x64
		{215DA592-EFD1-489B-AD97-BFB784FD66AD}.Debug|x64.Build.0 = Debug|x64
		{215DA592-EFD1-489B-AD97-BFB784FD66AD}.Debug|x86.ActiveCfg = Debug|Win32
		{215DA592-EFD1-489B-AD97-BFB784FD66AD}.Debug|x86.Build.0 = Debug|Win32
		{215DA592-EFD1-489B-AD97-BFB784FD66AD}.Release|x64.ActiveCfg = Release|x64
		{215DA592-EFD1-489B-AD97-BFB784FD66AD}.Release|x64.Build.0 = Release|x64
		{215DA592-EFD1-489B-AD97-BFB784FD66AD}.Release|x86.ActiveCfg = Release|Win32
		{215DA592-EFD1-489B-AD97-BFB784FD66AD}.Release|x86.Build.0 = Release|Win32
	EndGlobalSection
	GlobalSection(SolutionProperties) = preSolution
		HideSolutionNode = FALSE
	EndGlobalSection
	GlobalSection(ExtensibilityGlobals) = postSolution
		SolutionGuid = {B9F274F4-35AB-445E-A7F7-A9995FBD8070}
	EndGlobalSection
EndGlobal
